
Microsoft Visual Studio Solution File, Format Version 12.00
# Visual Studio Version 16
VisualStudioVersion = 16.0.31005.135
MinimumVisualStudioVersion = 10.0.40219.1
Project("{FAE04EC0-301F-11D3-BF4B-00C04F79EFBC}") = "ATM", "ATM\ATM.csproj", "{3F65F28E-C981-487B-A97B-CD888C9B46BE}"
EndProject
Global
	GlobalSection(SolutionConfigurationPlatforms) = preSolution
		Debug|Any CPU = Debug|Any CPU
		Release|Any CPU = Release|Any CPU
	EndGlobalSection
	GlobalSection(ProjectConfigurationPlatforms) = postSolution
		{3F65F28E-C981-487B-A97B-CD888C9B46BE}.Debug|Any CPU.ActiveCfg = Debug|Any CPU
		{3F65F28E-C981-487B-A97B-CD888C9B46BE}.Debug|Any CPU.Build.0 = Debug|Any CPU
		{3F65F28E-C981-487B-A97B-CD888C9B46BE}.Release|Any CPU.ActiveCfg = Release|Any CPU
		{3F65F28E-C981-487B-A97B-CD888C9B46BE}.Release|Any CPU.Build.0 = Release|Any CPU
	EndGlobalSection
	GlobalSection(SolutionProperties) = preSolution
		HideSolutionNode = FALSE
	EndGlobalSection
	GlobalSection(ExtensibilityGlobals) = postSolution
		SolutionGuid = {05F736D1-AA27-46BD-A6E1-DBA651A10AC2}
	EndGlobalSection
EndGlobal
